
Microsoft Visual Studio Solution File, Format Version 12.00
# Visual Studio Version 16
VisualStudioVersion = 25.0.1706.8
MinimumVisualStudioVersion = 10.0.40219.1
Project("{FAE04EC0-301F-11D3-BF4B-00C04F79EFBC}") = "day21", "day21\day21.csproj", "{57181978-7BD2-4D33-918C-4AED68C65502}"
EndProject
Global
	GlobalSection(SolutionConfigurationPlatforms) = preSolution
		Debug|Any CPU = Debug|Any CPU
		Release|Any CPU = Release|Any CPU
	EndGlobalSection
	GlobalSection(ProjectConfigurationPlatforms) = postSolution
		{57181978-7BD2-4D33-918C-4AED68C65502}.Debug|Any CPU.ActiveCfg = Debug|Any CPU
		{57181978-7BD2-4D33-918C-4AED68C65502}.Debug|Any CPU.Build.0 = Debug|Any CPU
		{57181978-7BD2-4D33-918C-4AED68C65502}.Release|Any CPU.ActiveCfg = Release|Any CPU
		{57181978-7BD2-4D33-918C-4AED68C65502}.Release|Any CPU.Build.0 = Release|Any CPU
	EndGlobalSection
	GlobalSection(SolutionProperties) = preSolution
		HideSolutionNode = FALSE
	EndGlobalSection
	GlobalSection(ExtensibilityGlobals) = postSolution
		SolutionGuid = {11386B1D-D40B-4BA7-A04D-750FBD12E916}
	EndGlobalSection
EndGlobal
