
Microsoft Visual Studio Solution File, Format Version 12.00
# Visual Studio Version 16
VisualStudioVersion = 25.0.1706.12
MinimumVisualStudioVersion = 10.0.40219.1
Project("{FAE04EC0-301F-11D3-BF4B-00C04F79EFBC}") = "Day28", "Day28\Day28.csproj", "{F5A1F530-9A8B-4EE1-AC98-0D2825454603}"
EndProject
Project("{FAE04EC0-301F-11D3-BF4B-00C04F79EFBC}") = "Day28Test", "Day28Test\Day28Test.csproj", "{40088F28-7080-41BC-AB47-C0BB6B326D98}"
EndProject
Global
	GlobalSection(SolutionConfigurationPlatforms) = preSolution
		Debug|Any CPU = Debug|Any CPU
		Release|Any CPU = Release|Any CPU
	EndGlobalSection
	GlobalSection(ProjectConfigurationPlatforms) = postSolution
		{F5A1F530-9A8B-4EE1-AC98-0D2825454603}.Debug|Any CPU.ActiveCfg = Debug|Any CPU
		{F5A1F530-9A8B-4EE1-AC98-0D2825454603}.Debug|Any CPU.Build.0 = Debug|Any CPU
		{F5A1F530-9A8B-4EE1-AC98-0D2825454603}.Release|Any CPU.ActiveCfg = Release|Any CPU
		{F5A1F530-9A8B-4EE1-AC98-0D2825454603}.Release|Any CPU.Build.0 = Release|Any CPU
		{40088F28-7080-41BC-AB47-C0BB6B326D98}.Debug|Any CPU.ActiveCfg = Debug|Any CPU
		{40088F28-7080-41BC-AB47-C0BB6B326D98}.Debug|Any CPU.Build.0 = Debug|Any CPU
		{40088F28-7080-41BC-AB47-C0BB6B326D98}.Release|Any CPU.ActiveCfg = Release|Any CPU
		{40088F28-7080-41BC-AB47-C0BB6B326D98}.Release|Any CPU.Build.0 = Release|Any CPU
	EndGlobalSection
	GlobalSection(SolutionProperties) = preSolution
		HideSolutionNode = FALSE
	EndGlobalSection
	GlobalSection(ExtensibilityGlobals) = postSolution
		SolutionGuid = {CC0728D1-723E-4EA2-9362-F8DF32438852}
	EndGlobalSection
EndGlobal
