
Microsoft Visual Studio Solution File, Format Version 12.00
# Visual Studio Version 17
VisualStudioVersion = 17.10.34916.146
MinimumVisualStudioVersion = 10.0.40219.1
Project("{9A19103F-16F7-4668-BE54-9A1E7A4F7556}") = "Day27Md", "Day27Md\Day27Md.csproj", "{7EBC34C3-B822-478E-B6F3-5F895A2410A0}"
EndProject
Project("{FAE04EC0-301F-11D3-BF4B-00C04F79EFBC}") = "Day27Testt", "Day27Testt\Day27Testt.csproj", "{10435D3E-4A17-4F4B-A781-5AE87D439B45}"
EndProject
Global
	GlobalSection(SolutionConfigurationPlatforms) = preSolution
		Debug|Any CPU = Debug|Any CPU
		Release|Any CPU = Release|Any CPU
	EndGlobalSection
	GlobalSection(ProjectConfigurationPlatforms) = postSolution
		{7EBC34C3-B822-478E-B6F3-5F895A2410A0}.Debug|Any CPU.ActiveCfg = Debug|Any CPU
		{7EBC34C3-B822-478E-B6F3-5F895A2410A0}.Debug|Any CPU.Build.0 = Debug|Any CPU
		{7EBC34C3-B822-478E-B6F3-5F895A2410A0}.Release|Any CPU.ActiveCfg = Release|Any CPU
		{7EBC34C3-B822-478E-B6F3-5F895A2410A0}.Release|Any CPU.Build.0 = Release|Any CPU
		{10435D3E-4A17-4F4B-A781-5AE87D439B45}.Debug|Any CPU.ActiveCfg = Debug|Any CPU
		{10435D3E-4A17-4F4B-A781-5AE87D439B45}.Debug|Any CPU.Build.0 = Debug|Any CPU
		{10435D3E-4A17-4F4B-A781-5AE87D439B45}.Release|Any CPU.ActiveCfg = Release|Any CPU
		{10435D3E-4A17-4F4B-A781-5AE87D439B45}.Release|Any CPU.Build.0 = Release|Any CPU
	EndGlobalSection
	GlobalSection(SolutionProperties) = preSolution
		HideSolutionNode = FALSE
	EndGlobalSection
	GlobalSection(ExtensibilityGlobals) = postSolution
		SolutionGuid = {FCEB9D86-5E63-4CF7-A13B-57CCCD63209C}
	EndGlobalSection
	GlobalSection(MonoDevelopProperties) = preSolution
		Policies = $0
		$0.TextStylePolicy = $1
		$1.inheritsSet = null
		$1.scope = text/x-csharp
		$0.CSharpFormattingPolicy = $2
		$2.scope = text/x-csharp
	EndGlobalSection
EndGlobal
