
Microsoft Visual Studio Solution File, Format Version 12.00
# Visual Studio Version 16
VisualStudioVersion = 25.0.1706.10
MinimumVisualStudioVersion = 10.0.40219.1
Project("{FAE04EC0-301F-11D3-BF4B-00C04F79EFBC}") = "PedejaisMd", "PedejaisMd\PedejaisMd.csproj", "{0CFC7BA5-67BF-4BA5-9A4F-0E1C3CEF6679}"
EndProject
Global
	GlobalSection(SolutionConfigurationPlatforms) = preSolution
		Debug|Any CPU = Debug|Any CPU
		Release|Any CPU = Release|Any CPU
	EndGlobalSection
	GlobalSection(ProjectConfigurationPlatforms) = postSolution
		{0CFC7BA5-67BF-4BA5-9A4F-0E1C3CEF6679}.Debug|Any CPU.ActiveCfg = Debug|Any CPU
		{0CFC7BA5-67BF-4BA5-9A4F-0E1C3CEF6679}.Debug|Any CPU.Build.0 = Debug|Any CPU
		{0CFC7BA5-67BF-4BA5-9A4F-0E1C3CEF6679}.Release|Any CPU.ActiveCfg = Release|Any CPU
		{0CFC7BA5-67BF-4BA5-9A4F-0E1C3CEF6679}.Release|Any CPU.Build.0 = Release|Any CPU
	EndGlobalSection
	GlobalSection(SolutionProperties) = preSolution
		HideSolutionNode = FALSE
	EndGlobalSection
	GlobalSection(ExtensibilityGlobals) = postSolution
		SolutionGuid = {8D04777F-64FA-4036-863E-623CED1E7521}
	EndGlobalSection
EndGlobal
