
Microsoft Visual Studio Solution File, Format Version 12.00
# Visual Studio Version 16
VisualStudioVersion = 25.0.1706.5
MinimumVisualStudioVersion = 10.0.40219.1
Project("{FAE04EC0-301F-11D3-BF4B-00C04F79EFBC}") = "Day12MD", "Day12MD\Day12MD.csproj", "{18B7A467-F6FD-4B9B-8931-E3165FB96BB1}"
EndProject
Global
	GlobalSection(SolutionConfigurationPlatforms) = preSolution
		Debug|Any CPU = Debug|Any CPU
		Release|Any CPU = Release|Any CPU
	EndGlobalSection
	GlobalSection(ProjectConfigurationPlatforms) = postSolution
		{18B7A467-F6FD-4B9B-8931-E3165FB96BB1}.Debug|Any CPU.ActiveCfg = Debug|Any CPU
		{18B7A467-F6FD-4B9B-8931-E3165FB96BB1}.Debug|Any CPU.Build.0 = Debug|Any CPU
		{18B7A467-F6FD-4B9B-8931-E3165FB96BB1}.Release|Any CPU.ActiveCfg = Release|Any CPU
		{18B7A467-F6FD-4B9B-8931-E3165FB96BB1}.Release|Any CPU.Build.0 = Release|Any CPU
	EndGlobalSection
	GlobalSection(SolutionProperties) = preSolution
		HideSolutionNode = FALSE
	EndGlobalSection
	GlobalSection(ExtensibilityGlobals) = postSolution
		SolutionGuid = {D245DEB8-9488-411C-91FE-D60BA1C8B96D}
	EndGlobalSection
EndGlobal
