
Microsoft Visual Studio Solution File, Format Version 12.00
# Visual Studio Version 16
VisualStudioVersion = 25.0.1706.8
MinimumVisualStudioVersion = 10.0.40219.1
Project("{FAE04EC0-301F-11D3-BF4B-00C04F79EFBC}") = "TODO", "TODO\TODO.csproj", "{C2F26C8C-650E-4A77-B5E0-F1F4B1368D96}"
EndProject
Global
	GlobalSection(SolutionConfigurationPlatforms) = preSolution
		Debug|Any CPU = Debug|Any CPU
		Release|Any CPU = Release|Any CPU
	EndGlobalSection
	GlobalSection(ProjectConfigurationPlatforms) = postSolution
		{C2F26C8C-650E-4A77-B5E0-F1F4B1368D96}.Debug|Any CPU.ActiveCfg = Debug|Any CPU
		{C2F26C8C-650E-4A77-B5E0-F1F4B1368D96}.Debug|Any CPU.Build.0 = Debug|Any CPU
		{C2F26C8C-650E-4A77-B5E0-F1F4B1368D96}.Release|Any CPU.ActiveCfg = Release|Any CPU
		{C2F26C8C-650E-4A77-B5E0-F1F4B1368D96}.Release|Any CPU.Build.0 = Release|Any CPU
	EndGlobalSection
	GlobalSection(SolutionProperties) = preSolution
		HideSolutionNode = FALSE
	EndGlobalSection
	GlobalSection(ExtensibilityGlobals) = postSolution
		SolutionGuid = {7384CA4A-0E40-4BC6-966C-E35A339322F5}
	EndGlobalSection
EndGlobal
