
Microsoft Visual Studio Solution File, Format Version 12.00
# Visual Studio Version 16
VisualStudioVersion = 25.0.1706.5
MinimumVisualStudioVersion = 10.0.40219.1
Project("{FAE04EC0-301F-11D3-BF4B-00C04F79EFBC}") = "Day13MD", "Day13MD\Day13MD.csproj", "{AACAEB00-7E7C-44AD-A6C3-A4642B187540}"
EndProject
Global
	GlobalSection(SolutionConfigurationPlatforms) = preSolution
		Debug|Any CPU = Debug|Any CPU
		Release|Any CPU = Release|Any CPU
	EndGlobalSection
	GlobalSection(ProjectConfigurationPlatforms) = postSolution
		{AACAEB00-7E7C-44AD-A6C3-A4642B187540}.Debug|Any CPU.ActiveCfg = Debug|Any CPU
		{AACAEB00-7E7C-44AD-A6C3-A4642B187540}.Debug|Any CPU.Build.0 = Debug|Any CPU
		{AACAEB00-7E7C-44AD-A6C3-A4642B187540}.Release|Any CPU.ActiveCfg = Release|Any CPU
		{AACAEB00-7E7C-44AD-A6C3-A4642B187540}.Release|Any CPU.Build.0 = Release|Any CPU
	EndGlobalSection
	GlobalSection(SolutionProperties) = preSolution
		HideSolutionNode = FALSE
	EndGlobalSection
	GlobalSection(ExtensibilityGlobals) = postSolution
		SolutionGuid = {20DC3A87-B91A-47F0-B468-DD6A7F989BE8}
	EndGlobalSection
EndGlobal
