
Microsoft Visual Studio Solution File, Format Version 12.00
# Visual Studio Version 16
VisualStudioVersion = 25.0.1706.5
MinimumVisualStudioVersion = 10.0.40219.1
Project("{FAE04EC0-301F-11D3-BF4B-00C04F79EFBC}") = "Day11", "Day11\Day11.csproj", "{A3FF1558-47AC-4092-9D1A-397C54EF1AE6}"
EndProject
Global
	GlobalSection(SolutionConfigurationPlatforms) = preSolution
		Debug|Any CPU = Debug|Any CPU
		Release|Any CPU = Release|Any CPU
	EndGlobalSection
	GlobalSection(ProjectConfigurationPlatforms) = postSolution
		{A3FF1558-47AC-4092-9D1A-397C54EF1AE6}.Debug|Any CPU.ActiveCfg = Debug|Any CPU
		{A3FF1558-47AC-4092-9D1A-397C54EF1AE6}.Debug|Any CPU.Build.0 = Debug|Any CPU
		{A3FF1558-47AC-4092-9D1A-397C54EF1AE6}.Release|Any CPU.ActiveCfg = Release|Any CPU
		{A3FF1558-47AC-4092-9D1A-397C54EF1AE6}.Release|Any CPU.Build.0 = Release|Any CPU
	EndGlobalSection
	GlobalSection(SolutionProperties) = preSolution
		HideSolutionNode = FALSE
	EndGlobalSection
	GlobalSection(ExtensibilityGlobals) = postSolution
		SolutionGuid = {7A176B20-1893-4AF4-B744-B00D9FE0A506}
	EndGlobalSection
EndGlobal
