
Microsoft Visual Studio Solution File, Format Version 12.00
# Visual Studio Version 17
VisualStudioVersion = 17.9.34616.47
MinimumVisualStudioVersion = 10.0.40219.1
Project("{FAE04EC0-301F-11D3-BF4B-00C04F79EFBC}") = "Day24_rest", "Day24_rest.csproj", "{68745D4F-44A9-4CE7-B4DE-88EAA774DDA2}"
EndProject
Global
	GlobalSection(SolutionConfigurationPlatforms) = preSolution
		Debug|Any CPU = Debug|Any CPU
		Release|Any CPU = Release|Any CPU
	EndGlobalSection
	GlobalSection(ProjectConfigurationPlatforms) = postSolution
		{68745D4F-44A9-4CE7-B4DE-88EAA774DDA2}.Debug|Any CPU.ActiveCfg = Debug|Any CPU
		{68745D4F-44A9-4CE7-B4DE-88EAA774DDA2}.Debug|Any CPU.Build.0 = Debug|Any CPU
		{68745D4F-44A9-4CE7-B4DE-88EAA774DDA2}.Release|Any CPU.ActiveCfg = Release|Any CPU
		{68745D4F-44A9-4CE7-B4DE-88EAA774DDA2}.Release|Any CPU.Build.0 = Release|Any CPU
	EndGlobalSection
	GlobalSection(SolutionProperties) = preSolution
		HideSolutionNode = FALSE
	EndGlobalSection
	GlobalSection(ExtensibilityGlobals) = postSolution
		SolutionGuid = {21E26F91-A6C6-489C-992B-AB1846FFB01D}
	EndGlobalSection
EndGlobal
